Microsoft Visual Studio Solution File, Format Version 12.00
# Visual Studio Version 17
VisualStudioVersion = 17.8.34408.163
MinimumVisualStudioVersion = 10.0.40219.1
Project("{8BC9CEB8-8B4A-11D0-8D11-00A0C91BC942}") = "BRLTest", "BRLTest\BRLTest.vcxproj", "{0A628DFE-8C3C-4F19-81E6-D131CD9A45F5}"
EndProject
Project("{8BC9CEB8-8B4A-11D0-8D11-00A0C91BC942}") = "BRLLib", "BRLLib\BRLLib.vcxproj", "{7F1EF986-CF1A-4D43-A7FC-D886D1AB7F8A}"
EndProject
Global
	GlobalSection(SolutionConfigurationPlatforms) = preSolution
		Debug|x64 = Debug|x64
		Debug|x86 = Debug|x86
		Release|x64 = Release|x64
		Release|x86 = Release|x86
	EndGlobalSection
	GlobalSection(ProjectConfigurationPlatforms) = postSolution
		{0A628DFE-8C3C-4F19-81E6-D131CD9A45F5}.Debug|x64.ActiveCfg = Debug|x64
		{0A628DFE-8C3C-4F19-81E6-D131CD9A45F5}.Debug|x64.Build.0 = Debug|x64
		{0A628DFE-8C3C-4F19-81E6-D131CD9A45F5}.Debug|x86.ActiveCfg = Debug|Win32
		{0A628DFE-8C3C-4F19-81E6-D131CD9A45F5}.Debug|x86.Build.0 = Debug|Win32
		{0A628DFE-8C3C-4F19-81E6-D131CD9A45F5}.Release|x64.ActiveCfg = Release|x64
		{0A628DFE-8C3C-4F19-81E6-D131CD9A45F5}.Release|x64.Build.0 = Release|x64
		{0A628DFE-8C3C-4F19-81E6-D131CD9A45F5}.Release|x86.ActiveCfg = Release|Win32
		{0A628DFE-8C3C-4F19-81E6-D131CD9A45F5}.Release|x86.Build.0 = Release|Win32
		{7F1EF986-CF1A-4D43-A7FC-D886D1AB7F8A}.Debug|x64.ActiveCfg = Debug|x64
		{7F1EF986-CF1A-4D43-A7FC-D886D1AB7F8A}.Debug|x64.Build.0 = Debug|x64
		{7F1EF986-CF1A-4D43-A7FC-D886D1AB7F8A}.Debug|x86.ActiveCfg = Debug|Win32
		{7F1EF986-CF1A-4D43-A7FC-D886D1AB7F8A}.Debug|x86.Build.0 = Debug|Win32
		{7F1EF986-CF1A-4D43-A7FC-D886D1AB7F8A}.Release|x64.ActiveCfg = Release|x64
		{7F1EF986-CF1A-4D43-A7FC-D886D1AB7F8A}.Release|x64.Build.0 = Release|x64
		{7F1EF986-CF1A-4D43-A7FC-D886D1AB7F8A}.Release|x86.ActiveCfg = Release|Win32
		{7F1EF986-CF1A-4D43-A7FC-D886D1AB7F8A}.Release|x86.Build.0 = Release|Win32
	EndGlobalSection
	GlobalSection(SolutionProperties) = preSolution
		HideSolutionNode = FALSE
	EndGlobalSection
	GlobalSection(ExtensibilityGlobals) = postSolution
		SolutionGuid = {0AB9506B-CAF8-45C4-9F0C-E60194A14E96}
	EndGlobalSection
EndGlobal
